
Microsoft Visual Studio Solution File, Format Version 12.00
# Visual Studio Version 16
VisualStudioVersion = 16.0.29409.12
MinimumVisualStudioVersion = 10.0.40219.1
Project("{FAE04EC0-301F-11D3-BF4B-00C04F79EFBC}") = "Twitch-to-Facebook", "Twitch-to-Facebook.csproj", "{0EE1DF4F-33AA-4E1C-BC3F-EE0B5EF719BF}"
EndProject
Global
	GlobalSection(SolutionConfigurationPlatforms) = preSolution
		Debug|Any CPU = Debug|Any CPU
		Release|Any CPU = Release|Any CPU
	EndGlobalSection
	GlobalSection(ProjectConfigurationPlatforms) = postSolution
		{0EE1DF4F-33AA-4E1C-BC3F-EE0B5EF719BF}.Debug|Any CPU.ActiveCfg = Debug|Any CPU
		{0EE1DF4F-33AA-4E1C-BC3F-EE0B5EF719BF}.Debug|Any CPU.Build.0 = Debug|Any CPU
		{0EE1DF4F-33AA-4E1C-BC3F-EE0B5EF719BF}.Release|Any CPU.ActiveCfg = Release|Any CPU
		{0EE1DF4F-33AA-4E1C-BC3F-EE0B5EF719BF}.Release|Any CPU.Build.0 = Release|Any CPU
	EndGlobalSection
	GlobalSection(SolutionProperties) = preSolution
		HideSolutionNode = FALSE
	EndGlobalSection
	GlobalSection(ExtensibilityGlobals) = postSolution
		SolutionGuid = {8E657C0C-0D69-49F7-9D71-6CC9A2343EAE}
	EndGlobalSection
EndGlobal
